
Microsoft Visual Studio Solution File, Format Version 12.00
# Visual Studio Version 17
VisualStudioVersion = 17.6.33801.468
MinimumVisualStudioVersion = 10.0.40219.1
Project("{FAE04EC0-301F-11D3-BF4B-00C04F79EFBC}") = "Dibi.Api", "Dibi.Api\Dibi.Api.csproj", "{DC38F51D-80D3-4A66-A5CF-3574D4EDBEC7}"
EndProject
Project("{FAE04EC0-301F-11D3-BF4B-00C04F79EFBC}") = "Dibi.Auth.Models", "Dibi.Auth.Models\Dibi.Auth.Models.csproj", "{2EDF1E72-227A-4B3E-A619-38A64DB94B8D}"
EndProject
Project("{FAE04EC0-301F-11D3-BF4B-00C04F79EFBC}") = "Dibi.EF", "Dibi.EF\Dibi.EF.csproj", "{30BE8621-5D4C-407C-8BFA-BC5BB3FE7D78}"
EndProject
Project("{FAE04EC0-301F-11D3-BF4B-00C04F79EFBC}") = "Dibi.Common.Packages", "Dibi.Common.Packages\Dibi.Common.Packages.csproj", "{59B08A2F-C49A-41FD-AAC1-4AFC7CA21331}"
EndProject
Global
	GlobalSection(SolutionConfigurationPlatforms) = preSolution
		Debug|Any CPU = Debug|Any CPU
		Release|Any CPU = Release|Any CPU
	EndGlobalSection
	GlobalSection(ProjectConfigurationPlatforms) = postSolution
		{DC38F51D-80D3-4A66-A5CF-3574D4EDBEC7}.Debug|Any CPU.ActiveCfg = Debug|Any CPU
		{DC38F51D-80D3-4A66-A5CF-3574D4EDBEC7}.Debug|Any CPU.Build.0 = Debug|Any CPU
		{DC38F51D-80D3-4A66-A5CF-3574D4EDBEC7}.Release|Any CPU.ActiveCfg = Release|Any CPU
		{DC38F51D-80D3-4A66-A5CF-3574D4EDBEC7}.Release|Any CPU.Build.0 = Release|Any CPU
		{2EDF1E72-227A-4B3E-A619-38A64DB94B8D}.Debug|Any CPU.ActiveCfg = Debug|Any CPU
		{2EDF1E72-227A-4B3E-A619-38A64DB94B8D}.Debug|Any CPU.Build.0 = Debug|Any CPU
		{2EDF1E72-227A-4B3E-A619-38A64DB94B8D}.Release|Any CPU.ActiveCfg = Release|Any CPU
		{2EDF1E72-227A-4B3E-A619-38A64DB94B8D}.Release|Any CPU.Build.0 = Release|Any CPU
		{30BE8621-5D4C-407C-8BFA-BC5BB3FE7D78}.Debug|Any CPU.ActiveCfg = Debug|Any CPU
		{30BE8621-5D4C-407C-8BFA-BC5BB3FE7D78}.Debug|Any CPU.Build.0 = Debug|Any CPU
		{30BE8621-5D4C-407C-8BFA-BC5BB3FE7D78}.Release|Any CPU.ActiveCfg = Release|Any CPU
		{30BE8621-5D4C-407C-8BFA-BC5BB3FE7D78}.Release|Any CPU.Build.0 = Release|Any CPU
		{59B08A2F-C49A-41FD-AAC1-4AFC7CA21331}.Debug|Any CPU.ActiveCfg = Debug|Any CPU
		{59B08A2F-C49A-41FD-AAC1-4AFC7CA21331}.Debug|Any CPU.Build.0 = Debug|Any CPU
		{59B08A2F-C49A-41FD-AAC1-4AFC7CA21331}.Release|Any CPU.ActiveCfg = Release|Any CPU
		{59B08A2F-C49A-41FD-AAC1-4AFC7CA21331}.Release|Any CPU.Build.0 = Release|Any CPU
	EndGlobalSection
	GlobalSection(SolutionProperties) = preSolution
		HideSolutionNode = FALSE
	EndGlobalSection
	GlobalSection(ExtensibilityGlobals) = postSolution
		SolutionGuid = {B2A53D0A-E69B-4814-B829-640DDC18BC03}
	EndGlobalSection
EndGlobal
